
Microsoft Visual Studio Solution File, Format Version 12.00
# Visual Studio Version 17
VisualStudioVersion = 17.7.34009.444
MinimumVisualStudioVersion = 10.0.40219.1
Project("{FAE04EC0-301F-11D3-BF4B-00C04F79EFBC}") = "BlazorEcommerce.Server", "BlazorEcommerce\Server\BlazorEcommerce.Server.csproj", "{DFD006FE-2598-4D54-8BB5-DC4A054950B8}"
EndProject
Project("{FAE04EC0-301F-11D3-BF4B-00C04F79EFBC}") = "BlazorEcommerce.Client", "BlazorEcommerce\Client\BlazorEcommerce.Client.csproj", "{150BA75A-80D9-400B-990A-0F4D75B5C446}"
EndProject
Project("{FAE04EC0-301F-11D3-BF4B-00C04F79EFBC}") = "BlazorEcommerce.Shared", "BlazorEcommerce\Shared\BlazorEcommerce.Shared.csproj", "{4C5BAF85-982F-4BDC-B9B1-A8D68893AA04}"
EndProject
Global
	GlobalSection(SolutionConfigurationPlatforms) = preSolution
		Debug|Any CPU = Debug|Any CPU
		Release|Any CPU = Release|Any CPU
	EndGlobalSection
	GlobalSection(ProjectConfigurationPlatforms) = postSolution
		{DFD006FE-2598-4D54-8BB5-DC4A054950B8}.Debug|Any CPU.ActiveCfg = Debug|Any CPU
		{DFD006FE-2598-4D54-8BB5-DC4A054950B8}.Debug|Any CPU.Build.0 = Debug|Any CPU
		{DFD006FE-2598-4D54-8BB5-DC4A054950B8}.Release|Any CPU.ActiveCfg = Release|Any CPU
		{DFD006FE-2598-4D54-8BB5-DC4A054950B8}.Release|Any CPU.Build.0 = Release|Any CPU
		{150BA75A-80D9-400B-990A-0F4D75B5C446}.Debug|Any CPU.ActiveCfg = Debug|Any CPU
		{150BA75A-80D9-400B-990A-0F4D75B5C446}.Debug|Any CPU.Build.0 = Debug|Any CPU
		{150BA75A-80D9-400B-990A-0F4D75B5C446}.Release|Any CPU.ActiveCfg = Release|Any CPU
		{150BA75A-80D9-400B-990A-0F4D75B5C446}.Release|Any CPU.Build.0 = Release|Any CPU
		{4C5BAF85-982F-4BDC-B9B1-A8D68893AA04}.Debug|Any CPU.ActiveCfg = Debug|Any CPU
		{4C5BAF85-982F-4BDC-B9B1-A8D68893AA04}.Debug|Any CPU.Build.0 = Debug|Any CPU
		{4C5BAF85-982F-4BDC-B9B1-A8D68893AA04}.Release|Any CPU.ActiveCfg = Release|Any CPU
		{4C5BAF85-982F-4BDC-B9B1-A8D68893AA04}.Release|Any CPU.Build.0 = Release|Any CPU
	EndGlobalSection
	GlobalSection(SolutionProperties) = preSolution
		HideSolutionNode = FALSE
	EndGlobalSection
	GlobalSection(ExtensibilityGlobals) = postSolution
		SolutionGuid = {1B1996B9-30D0-49C2-A863-35FD9065E82E}
	EndGlobalSection
EndGlobal
